
Microsoft Visual Studio Solution File, Format Version 12.00
# Visual Studio Version 17
VisualStudioVersion = 17.5.33424.131
MinimumVisualStudioVersion = 10.0.40219.1
Project("{54A90642-561A-4BB1-A94E-469ADEE60C69}") = "vueapp", "vueapp\vueapp.esproj", "{4C2B6B09-86B0-45EC-8FF8-C9634481812E}"
EndProject
Project("{9A19103F-16F7-4668-BE54-9A1E7A4F7556}") = "webapi", "webapi\webapi.csproj", "{73327BFA-6891-46FA-9198-EE66C55DC5D7}"
EndProject
Global
	GlobalSection(SolutionConfigurationPlatforms) = preSolution
		Debug|Any CPU = Debug|Any CPU
		Release|Any CPU = Release|Any CPU
	EndGlobalSection
	GlobalSection(ProjectConfigurationPlatforms) = postSolution
		{4C2B6B09-86B0-45EC-8FF8-C9634481812E}.Debug|Any CPU.ActiveCfg = Debug|Any CPU
		{4C2B6B09-86B0-45EC-8FF8-C9634481812E}.Debug|Any CPU.Build.0 = Debug|Any CPU
		{4C2B6B09-86B0-45EC-8FF8-C9634481812E}.Debug|Any CPU.Deploy.0 = Debug|Any CPU
		{4C2B6B09-86B0-45EC-8FF8-C9634481812E}.Release|Any CPU.ActiveCfg = Release|Any CPU
		{4C2B6B09-86B0-45EC-8FF8-C9634481812E}.Release|Any CPU.Build.0 = Release|Any CPU
		{4C2B6B09-86B0-45EC-8FF8-C9634481812E}.Release|Any CPU.Deploy.0 = Release|Any CPU
		{73327BFA-6891-46FA-9198-EE66C55DC5D7}.Debug|Any CPU.ActiveCfg = Debug|Any CPU
		{73327BFA-6891-46FA-9198-EE66C55DC5D7}.Debug|Any CPU.Build.0 = Debug|Any CPU
		{73327BFA-6891-46FA-9198-EE66C55DC5D7}.Release|Any CPU.ActiveCfg = Release|Any CPU
		{73327BFA-6891-46FA-9198-EE66C55DC5D7}.Release|Any CPU.Build.0 = Release|Any CPU
	EndGlobalSection
	GlobalSection(SolutionProperties) = preSolution
		HideSolutionNode = FALSE
	EndGlobalSection
	GlobalSection(ExtensibilityGlobals) = postSolution
		SolutionGuid = {51638664-017A-4FDE-80B1-03EE18BE07DA}
	EndGlobalSection
EndGlobal
